
Microsoft Visual Studio Solution File, Format Version 12.00
# Visual Studio Version 17
VisualStudioVersion = 17.3.32825.248
MinimumVisualStudioVersion = 10.0.40219.1
Project("{9A19103F-16F7-4668-BE54-9A1E7A4F7556}") = "CoffeeProject", "CoffeeProject\CoffeeProject.csproj", "{3091751B-2966-41E6-9E9E-66F3440A1CE4}"
EndProject
Project("{9A19103F-16F7-4668-BE54-9A1E7A4F7556}") = "MagicDustLibrary", "MagicDust\MagicDustLibrary.csproj", "{DC89EA31-DD57-4F14-ABAA-EFB2BE385BF5}"
EndProject
Project("{FAE04EC0-301F-11D3-BF4B-00C04F79EFBC}") = "AsepriteImporter", "AsepriteImporter\AsepriteImporter.csproj", "{3EEE94BE-01C7-44BE-89FA-0B895E21779B}"
EndProject
Global
	GlobalSection(SolutionConfigurationPlatforms) = preSolution
		Debug|Any CPU = Debug|Any CPU
		Release|Any CPU = Release|Any CPU
	EndGlobalSection
	GlobalSection(ProjectConfigurationPlatforms) = postSolution
		{3091751B-2966-41E6-9E9E-66F3440A1CE4}.Debug|Any CPU.ActiveCfg = Debug|Any CPU
		{3091751B-2966-41E6-9E9E-66F3440A1CE4}.Debug|Any CPU.Build.0 = Debug|Any CPU
		{3091751B-2966-41E6-9E9E-66F3440A1CE4}.Release|Any CPU.ActiveCfg = Release|Any CPU
		{3091751B-2966-41E6-9E9E-66F3440A1CE4}.Release|Any CPU.Build.0 = Release|Any CPU
		{DC89EA31-DD57-4F14-ABAA-EFB2BE385BF5}.Debug|Any CPU.ActiveCfg = Debug|Any CPU
		{DC89EA31-DD57-4F14-ABAA-EFB2BE385BF5}.Debug|Any CPU.Build.0 = Debug|Any CPU
		{DC89EA31-DD57-4F14-ABAA-EFB2BE385BF5}.Release|Any CPU.ActiveCfg = Release|Any CPU
		{DC89EA31-DD57-4F14-ABAA-EFB2BE385BF5}.Release|Any CPU.Build.0 = Release|Any CPU
		{3EEE94BE-01C7-44BE-89FA-0B895E21779B}.Debug|Any CPU.ActiveCfg = Debug|Any CPU
		{3EEE94BE-01C7-44BE-89FA-0B895E21779B}.Debug|Any CPU.Build.0 = Debug|Any CPU
		{3EEE94BE-01C7-44BE-89FA-0B895E21779B}.Release|Any CPU.ActiveCfg = Release|Any CPU
		{3EEE94BE-01C7-44BE-89FA-0B895E21779B}.Release|Any CPU.Build.0 = Release|Any CPU
	EndGlobalSection
	GlobalSection(SolutionProperties) = preSolution
		HideSolutionNode = FALSE
	EndGlobalSection
	GlobalSection(ExtensibilityGlobals) = postSolution
		SolutionGuid = {D8E7F612-6121-441F-A5DA-66E68C1C605C}
	EndGlobalSection
EndGlobal
