
Microsoft Visual Studio Solution File, Format Version 12.00
# Visual Studio Version 17
VisualStudioVersion = 17.3.32825.248
MinimumVisualStudioVersion = 10.0.40219.1
Project("{9A19103F-16F7-4668-BE54-9A1E7A4F7556}") = "CoffeeProject", "CoffeeProject\CoffeeProject.csproj", "{3091751B-2966-41E6-9E9E-66F3440A1CE4}"
EndProject
Project("{9A19103F-16F7-4668-BE54-9A1E7A4F7556}") = "MagicDustLibrary", "MagicDust\MagicDustLibrary.csproj", "{DC89EA31-DD57-4F14-ABAA-EFB2BE385BF5}"
EndProject
Project("{9A19103F-16F7-4668-BE54-9A1E7A4F7556}") = "AsepriteImporter", "AsepriteImporter\AsepriteImporter.csproj", "{3EEE94BE-01C7-44BE-89FA-0B895E21779B}"
EndProject
Project("{9A19103F-16F7-4668-BE54-9A1E7A4F7556}") = "BehaviorKit", "BehaviorKit\BehaviorKit.csproj", "{DF6C9B77-43CE-413D-A1BB-74E9E61AFD11}"
EndProject
Project("{9A19103F-16F7-4668-BE54-9A1E7A4F7556}") = "JsonDtos", "JsonDtos\JsonDtos.csproj", "{47A45D4C-F11D-4F71-BE34-D526F4235C06}"
EndProject
Project("{FAE04EC0-301F-11D3-BF4B-00C04F79EFBC}") = "JsonPipeline", "JsonPipeline\JsonPipeline.csproj", "{9AE26901-A195-4082-A5B1-3D1DBA77C6C8}"
EndProject
Project("{2150E333-8FDC-42A3-9474-1A3956D46DE8}") = "Элементы решения", "Элементы решения", "{A4FBEB94-1867-4CE4-96BD-04FE82ADB6CD}"
	ProjectSection(SolutionItems) = preProject
		..\Design\heart.aseprite = ..\Design\heart.aseprite
	EndProjectSection
EndProject
Global
	GlobalSection(SolutionConfigurationPlatforms) = preSolution
		Debug|Any CPU = Debug|Any CPU
		Release|Any CPU = Release|Any CPU
	EndGlobalSection
	GlobalSection(ProjectConfigurationPlatforms) = postSolution
		{3091751B-2966-41E6-9E9E-66F3440A1CE4}.Debug|Any CPU.ActiveCfg = Debug|Any CPU
		{3091751B-2966-41E6-9E9E-66F3440A1CE4}.Debug|Any CPU.Build.0 = Debug|Any CPU
		{3091751B-2966-41E6-9E9E-66F3440A1CE4}.Release|Any CPU.ActiveCfg = Release|Any CPU
		{3091751B-2966-41E6-9E9E-66F3440A1CE4}.Release|Any CPU.Build.0 = Release|Any CPU
		{DC89EA31-DD57-4F14-ABAA-EFB2BE385BF5}.Debug|Any CPU.ActiveCfg = Debug|Any CPU
		{DC89EA31-DD57-4F14-ABAA-EFB2BE385BF5}.Debug|Any CPU.Build.0 = Debug|Any CPU
		{DC89EA31-DD57-4F14-ABAA-EFB2BE385BF5}.Release|Any CPU.ActiveCfg = Release|Any CPU
		{DC89EA31-DD57-4F14-ABAA-EFB2BE385BF5}.Release|Any CPU.Build.0 = Release|Any CPU
		{3EEE94BE-01C7-44BE-89FA-0B895E21779B}.Debug|Any CPU.ActiveCfg = Debug|Any CPU
		{3EEE94BE-01C7-44BE-89FA-0B895E21779B}.Debug|Any CPU.Build.0 = Debug|Any CPU
		{3EEE94BE-01C7-44BE-89FA-0B895E21779B}.Release|Any CPU.ActiveCfg = Release|Any CPU
		{3EEE94BE-01C7-44BE-89FA-0B895E21779B}.Release|Any CPU.Build.0 = Release|Any CPU
		{DF6C9B77-43CE-413D-A1BB-74E9E61AFD11}.Debug|Any CPU.ActiveCfg = Debug|Any CPU
		{DF6C9B77-43CE-413D-A1BB-74E9E61AFD11}.Debug|Any CPU.Build.0 = Debug|Any CPU
		{DF6C9B77-43CE-413D-A1BB-74E9E61AFD11}.Release|Any CPU.ActiveCfg = Release|Any CPU
		{DF6C9B77-43CE-413D-A1BB-74E9E61AFD11}.Release|Any CPU.Build.0 = Release|Any CPU
		{47A45D4C-F11D-4F71-BE34-D526F4235C06}.Debug|Any CPU.ActiveCfg = Debug|Any CPU
		{47A45D4C-F11D-4F71-BE34-D526F4235C06}.Debug|Any CPU.Build.0 = Debug|Any CPU
		{47A45D4C-F11D-4F71-BE34-D526F4235C06}.Release|Any CPU.ActiveCfg = Release|Any CPU
		{47A45D4C-F11D-4F71-BE34-D526F4235C06}.Release|Any CPU.Build.0 = Release|Any CPU
		{9AE26901-A195-4082-A5B1-3D1DBA77C6C8}.Debug|Any CPU.ActiveCfg = Debug|Any CPU
		{9AE26901-A195-4082-A5B1-3D1DBA77C6C8}.Debug|Any CPU.Build.0 = Debug|Any CPU
		{9AE26901-A195-4082-A5B1-3D1DBA77C6C8}.Release|Any CPU.ActiveCfg = Release|Any CPU
		{9AE26901-A195-4082-A5B1-3D1DBA77C6C8}.Release|Any CPU.Build.0 = Release|Any CPU
	EndGlobalSection
	GlobalSection(SolutionProperties) = preSolution
		HideSolutionNode = FALSE
	EndGlobalSection
	GlobalSection(ExtensibilityGlobals) = postSolution
		SolutionGuid = {D8E7F612-6121-441F-A5DA-66E68C1C605C}
	EndGlobalSection
EndGlobal
